# THIS IS AN AUTOGENERATED FILE. DO NOT EDIT THIS FILE DIRECTLY.
# yarn lockfile v1


"@types/bluebird@*":
  version "3.0.37"
  resolved "https://registry.yarnpkg.com/@types/bluebird/-/bluebird-3.0.37.tgz#2e76b394aa9bea40d04241a31c0887a260283388"

"@types/fs-extra-promise@0.0.31":
  version "0.0.31"
  resolved "https://registry.yarnpkg.com/@types/fs-extra-promise/-/fs-extra-promise-0.0.31.tgz#35c735cc061df9ddbf7009c16b90f871488285a3"
  dependencies:
    "@types/bluebird" "*"
    "@types/fs-extra" "*"
    "@types/node" "*"

"@types/fs-extra@*":
  version "0.0.35"
  resolved "https://registry.yarnpkg.com/@types/fs-extra/-/fs-extra-0.0.35.tgz#3ed400c0122fb161db51da23d96ba5040cb9c7d9"
  dependencies:
    "@types/node" "*"

"@types/gm@^1.17.29":
  version "1.17.29"
  resolved "https://registry.yarnpkg.com/@types/gm/-/gm-1.17.29.tgz#39d7d45394621b9f3d9bbb0a6e2724f4c646644b"
  dependencies:
    "@types/node" "*"

"@types/jasmine@^2.5.40":
  version "2.5.40"
  resolved "https://registry.yarnpkg.com/@types/jasmine/-/jasmine-2.5.40.tgz#875c7ae739dcab1342794f51231c4aadcda6eb79"

"@types/lodash@^4.14.45":
  version "4.14.45"
  resolved "https://registry.yarnpkg.com/@types/lodash/-/lodash-4.14.45.tgz#db20238f23fa195d6fb8f9ff7988e8651fc8c302"

"@types/node@*", "@types/node@^6.0.55":
  version "6.0.55"
  resolved "https://registry.yarnpkg.com/@types/node/-/node-6.0.55.tgz#e5cb679a43561f42afd1bd6d58d3992ec8f31720"

"@types/source-map@*", "@types/source-map@^0.5.0":
  version "0.5.0"
  resolved "https://registry.yarnpkg.com/@types/source-map/-/source-map-0.5.0.tgz#dd34bbd8e32fe4e74f2e3d8ac07f8aa5b45a47ac"

"@types/uglify-js@^2.6.28":
  version "2.6.28"
  resolved "https://registry.yarnpkg.com/@types/uglify-js/-/uglify-js-2.6.28.tgz#1499b48ca3a44132250b318cdde25b8f45f0c616"
  dependencies:
    "@types/source-map" "*"

array-parallel@~0.1.3:
  version "0.1.3"
  resolved "https://registry.yarnpkg.com/array-parallel/-/array-parallel-0.1.3.tgz#8f785308926ed5aa478c47e64d1b334b6c0c947d"

array-series@~0.1.5:
  version "0.1.5"
  resolved "https://registry.yarnpkg.com/array-series/-/array-series-0.1.5.tgz#df5d37bfc5c2ef0755e2aa4f92feae7d4b5a972f"

balanced-match@^0.4.1:
  version "0.4.2"
  resolved "https://registry.yarnpkg.com/balanced-match/-/balanced-match-0.4.2.tgz#cb3f3e3c732dc0f01ee70b403f302e61d7709838"

bluebird@^3.4.6:
  version "3.4.7"
  resolved "https://registry.yarnpkg.com/bluebird/-/bluebird-3.4.7.tgz#f72d760be09b7f76d08ed8fae98b289a8d05fab3"

brace-expansion@^1.0.0:
  version "1.1.6"
  resolved "https://registry.yarnpkg.com/brace-expansion/-/brace-expansion-1.1.6.tgz#7197d7eaa9b87e648390ea61fc66c84427420df9"
  dependencies:
    balanced-match "^0.4.1"
    concat-map "0.0.1"

concat-map@0.0.1:
  version "0.0.1"
  resolved "https://registry.yarnpkg.com/concat-map/-/concat-map-0.0.1.tgz#d8a96bd77fd68df7793a73036a3ba0d5405d477b"

cross-spawn@^4.0.0:
  version "4.0.2"
  resolved "https://registry.yarnpkg.com/cross-spawn/-/cross-spawn-4.0.2.tgz#7b9247621c23adfdd3856004a823cbe397424d41"
  dependencies:
    lru-cache "^4.0.1"
    which "^1.2.9"

debug@~2.2.0:
  version "2.2.0"
  resolved "https://registry.yarnpkg.com/debug/-/debug-2.2.0.tgz#f87057e995b1a1f6ae6a4960664137bc56f039da"
  dependencies:
    ms "0.7.1"

fs-extra-promise@^0.4.1:
  version "0.4.1"
  resolved "https://registry.yarnpkg.com/fs-extra-promise/-/fs-extra-promise-0.4.1.tgz#ac28cd2cf6ba7248d8235df3887b6cf6eddf342f"
  dependencies:
    bluebird "^3.4.6"
    fs-extra "^0.30.0"

fs-extra@^0.30.0:
  version "0.30.0"
  resolved "https://registry.yarnpkg.com/fs-extra/-/fs-extra-0.30.0.tgz#f233ffcc08d4da7d432daa449776989db1df93f0"
  dependencies:
    graceful-fs "^4.1.2"
    jsonfile "^2.1.0"
    klaw "^1.0.0"
    path-is-absolute "^1.0.0"
    rimraf "^2.2.8"

fs.realpath@^1.0.0:
  version "1.0.0"
  resolved "https://registry.yarnpkg.com/fs.realpath/-/fs.realpath-1.0.0.tgz#1504ad2523158caa40db4a2787cb01411994ea4f"

glob@^7.0.5:
  version "7.1.1"
  resolved "https://registry.yarnpkg.com/glob/-/glob-7.1.1.tgz#805211df04faaf1c63a3600306cdf5ade50b2ec8"
  dependencies:
    fs.realpath "^1.0.0"
    inflight "^1.0.4"
    inherits "2"
    minimatch "^3.0.2"
    once "^1.3.0"
    path-is-absolute "^1.0.0"

gm@^1.23.0:
  version "1.23.0"
  resolved "https://registry.yarnpkg.com/gm/-/gm-1.23.0.tgz#80a2fe9cbf131515024846444658461269f52661"
  dependencies:
    array-parallel "~0.1.3"
    array-series "~0.1.5"
    cross-spawn "^4.0.0"
    debug "~2.2.0"

graceful-fs@^4.1.2, graceful-fs@^4.1.6, graceful-fs@^4.1.9:
  version "4.1.11"
  resolved "https://registry.yarnpkg.com/graceful-fs/-/graceful-fs-4.1.11.tgz#0e8bdfe4d1ddb8854d64e04ea7c00e2a026e5658"

inflight@^1.0.4:
  version "1.0.6"
  resolved "https://registry.yarnpkg.com/inflight/-/inflight-1.0.6.tgz#49bd6331d7d02d0c09bc910a1075ba8165b56df9"
  dependencies:
    once "^1.3.0"
    wrappy "1"

inherits@2:
  version "2.0.3"
  resolved "https://registry.yarnpkg.com/inherits/-/inherits-2.0.3.tgz#633c2c83e3da42a502f52466022480f4208261de"

isexe@^1.1.1:
  version "1.1.2"
  resolved "https://registry.yarnpkg.com/isexe/-/isexe-1.1.2.tgz#36f3e22e60750920f5e7241a476a8c6a42275ad0"

jsonfile@^2.1.0:
  version "2.4.0"
  resolved "https://registry.yarnpkg.com/jsonfile/-/jsonfile-2.4.0.tgz#3736a2b428b87bbda0cc83b53fa3d633a35c2ae8"
  optionalDependencies:
    graceful-fs "^4.1.6"

klaw@^1.0.0:
  version "1.3.1"
  resolved "https://registry.yarnpkg.com/klaw/-/klaw-1.3.1.tgz#4088433b46b3b1ba259d78785d8e96f73ba02439"
  optionalDependencies:
    graceful-fs "^4.1.9"

lodash@^4.17.4:
  version "4.17.4"
  resolved "https://registry.yarnpkg.com/lodash/-/lodash-4.17.4.tgz#78203a4d1c328ae1d86dca6460e369b57f4055ae"

lru-cache@^4.0.1:
  version "4.0.2"
  resolved "https://registry.yarnpkg.com/lru-cache/-/lru-cache-4.0.2.tgz#1d17679c069cda5d040991a09dbc2c0db377e55e"
  dependencies:
    pseudomap "^1.0.1"
    yallist "^2.0.0"

minimatch@^3.0.2:
  version "3.0.3"
  resolved "https://registry.yarnpkg.com/minimatch/-/minimatch-3.0.3.tgz#2a4e4090b96b2db06a9d7df01055a62a77c9b774"
  dependencies:
    brace-expansion "^1.0.0"

ms@0.7.1:
  version "0.7.1"
  resolved "https://registry.yarnpkg.com/ms/-/ms-0.7.1.tgz#9cd13c03adbff25b65effde7ce864ee952017098"

once@^1.3.0:
  version "1.4.0"
  resolved "https://registry.yarnpkg.com/once/-/once-1.4.0.tgz#583b1aa775961d4b113ac17d9c50baef9dd76bd1"
  dependencies:
    wrappy "1"

path-is-absolute@^1.0.0:
  version "1.0.1"
  resolved "https://registry.yarnpkg.com/path-is-absolute/-/path-is-absolute-1.0.1.tgz#174b9268735534ffbc7ace6bf53a5a9e1b5c5f5f"

pseudomap@^1.0.1:
  version "1.0.2"
  resolved "https://registry.yarnpkg.com/pseudomap/-/pseudomap-1.0.2.tgz#f052a28da70e618917ef0a8ac34c1ae5a68286b3"

rimraf@^2.2.8:
  version "2.5.4"
  resolved "https://registry.yarnpkg.com/rimraf/-/rimraf-2.5.4.tgz#96800093cbf1a0c86bd95b4625467535c29dfa04"
  dependencies:
    glob "^7.0.5"

which@^1.2.9:
  version "1.2.12"
  resolved "https://registry.yarnpkg.com/which/-/which-1.2.12.tgz#de67b5e450269f194909ef23ece4ebe416fa1192"
  dependencies:
    isexe "^1.1.1"

wrappy@1:
  version "1.0.2"
  resolved "https://registry.yarnpkg.com/wrappy/-/wrappy-1.0.2.tgz#b5243d8f3ec1aa35f1364605bc0d1036e30ab69f"

yallist@^2.0.0:
  version "2.0.0"
  resolved "https://registry.yarnpkg.com/yallist/-/yallist-2.0.0.tgz#306c543835f09ee1a4cb23b7bce9ab341c91cdd4"
